
Microsoft Visual Studio Solution File, Format Version 12.00
# Visual Studio Version 17
VisualStudioVersion = 17.10.35027.167
MinimumVisualStudioVersion = 10.0.40219.1
Project("{9A19103F-16F7-4668-BE54-9A1E7A4F7556}") = "AvaloniaIntroUI", "AvaloniaIntroUI\AvaloniaIntroUI.csproj", "{A1535792-E80A-4F97-85F2-DD64CCE8108F}"
EndProject
Project("{9A19103F-16F7-4668-BE54-9A1E7A4F7556}") = "AvaloniaIntroUI.Desktop", "AvaloniaIntroUI.Desktop\AvaloniaIntroUI.Desktop.csproj", "{36CBA661-8101-40A1-9D98-67E0D7E1D491}"
EndProject
Project("{9A19103F-16F7-4668-BE54-9A1E7A4F7556}") = "AvaloniaApplication_DotNet", "AvaloniaApplication_DotNet\AvaloniaApplication_DotNet.csproj", "{F585F60B-1CE6-4669-9F72-C291D9CC4245}"
EndProject
Project("{9A19103F-16F7-4668-BE54-9A1E7A4F7556}") = "AvaloniaApplication_CSharp", "AvaloniaApplication_CSharp\AvaloniaApplication_CSharp.csproj", "{55CED56F-3A6B-45EE-BF58-5DD86DBB2E25}"
EndProject
Project("{9A19103F-16F7-4668-BE54-9A1E7A4F7556}") = "AvaloniaApplication_CSharp.Desktop", "AvaloniaApplication_CSharp.Desktop\AvaloniaApplication_CSharp.Desktop.csproj", "{AFB85AB4-D40A-4C09-B3D7-A6587A102160}"
EndProject
Project("{FAE04EC0-301F-11D3-BF4B-00C04F79EFBC}") = "AdornerTest", "AdornerTest\AdornerTest.csproj", "{353C093D-9515-423A-9856-12514CACB8CF}"
EndProject
Global
	GlobalSection(SolutionConfigurationPlatforms) = preSolution
		Debug|Any CPU = Debug|Any CPU
		Debug|x64 = Debug|x64
		Debug|x86 = Debug|x86
		Release|Any CPU = Release|Any CPU
		Release|x64 = Release|x64
		Release|x86 = Release|x86
	EndGlobalSection
	GlobalSection(ProjectConfigurationPlatforms) = postSolution
		{A1535792-E80A-4F97-85F2-DD64CCE8108F}.Debug|Any CPU.ActiveCfg = Debug|Any CPU
		{A1535792-E80A-4F97-85F2-DD64CCE8108F}.Debug|Any CPU.Build.0 = Debug|Any CPU
		{A1535792-E80A-4F97-85F2-DD64CCE8108F}.Debug|x64.ActiveCfg = Debug|Any CPU
		{A1535792-E80A-4F97-85F2-DD64CCE8108F}.Debug|x64.Build.0 = Debug|Any CPU
		{A1535792-E80A-4F97-85F2-DD64CCE8108F}.Debug|x86.ActiveCfg = Debug|Any CPU
		{A1535792-E80A-4F97-85F2-DD64CCE8108F}.Debug|x86.Build.0 = Debug|Any CPU
		{A1535792-E80A-4F97-85F2-DD64CCE8108F}.Release|Any CPU.ActiveCfg = Release|Any CPU
		{A1535792-E80A-4F97-85F2-DD64CCE8108F}.Release|Any CPU.Build.0 = Release|Any CPU
		{A1535792-E80A-4F97-85F2-DD64CCE8108F}.Release|x64.ActiveCfg = Release|x64
		{A1535792-E80A-4F97-85F2-DD64CCE8108F}.Release|x64.Build.0 = Release|x64
		{A1535792-E80A-4F97-85F2-DD64CCE8108F}.Release|x86.ActiveCfg = Release|Any CPU
		{A1535792-E80A-4F97-85F2-DD64CCE8108F}.Release|x86.Build.0 = Release|Any CPU
		{36CBA661-8101-40A1-9D98-67E0D7E1D491}.Debug|Any CPU.ActiveCfg = Debug|Any CPU
		{36CBA661-8101-40A1-9D98-67E0D7E1D491}.Debug|Any CPU.Build.0 = Debug|Any CPU
		{36CBA661-8101-40A1-9D98-67E0D7E1D491}.Debug|x64.ActiveCfg = Debug|Any CPU
		{36CBA661-8101-40A1-9D98-67E0D7E1D491}.Debug|x64.Build.0 = Debug|Any CPU
		{36CBA661-8101-40A1-9D98-67E0D7E1D491}.Debug|x86.ActiveCfg = Debug|Any CPU
		{36CBA661-8101-40A1-9D98-67E0D7E1D491}.Debug|x86.Build.0 = Debug|Any CPU
		{36CBA661-8101-40A1-9D98-67E0D7E1D491}.Release|Any CPU.ActiveCfg = Release|Any CPU
		{36CBA661-8101-40A1-9D98-67E0D7E1D491}.Release|Any CPU.Build.0 = Release|Any CPU
		{36CBA661-8101-40A1-9D98-67E0D7E1D491}.Release|x64.ActiveCfg = Release|Any CPU
		{36CBA661-8101-40A1-9D98-67E0D7E1D491}.Release|x64.Build.0 = Release|Any CPU
		{36CBA661-8101-40A1-9D98-67E0D7E1D491}.Release|x86.ActiveCfg = Release|Any CPU
		{36CBA661-8101-40A1-9D98-67E0D7E1D491}.Release|x86.Build.0 = Release|Any CPU
		{F585F60B-1CE6-4669-9F72-C291D9CC4245}.Debug|Any CPU.ActiveCfg = Debug|Any CPU
		{F585F60B-1CE6-4669-9F72-C291D9CC4245}.Debug|Any CPU.Build.0 = Debug|Any CPU
		{F585F60B-1CE6-4669-9F72-C291D9CC4245}.Debug|x64.ActiveCfg = Debug|Any CPU
		{F585F60B-1CE6-4669-9F72-C291D9CC4245}.Debug|x64.Build.0 = Debug|Any CPU
		{F585F60B-1CE6-4669-9F72-C291D9CC4245}.Debug|x86.ActiveCfg = Debug|Any CPU
		{F585F60B-1CE6-4669-9F72-C291D9CC4245}.Debug|x86.Build.0 = Debug|Any CPU
		{F585F60B-1CE6-4669-9F72-C291D9CC4245}.Release|Any CPU.ActiveCfg = Release|Any CPU
		{F585F60B-1CE6-4669-9F72-C291D9CC4245}.Release|Any CPU.Build.0 = Release|Any CPU
		{F585F60B-1CE6-4669-9F72-C291D9CC4245}.Release|x64.ActiveCfg = Release|Any CPU
		{F585F60B-1CE6-4669-9F72-C291D9CC4245}.Release|x64.Build.0 = Release|Any CPU
		{F585F60B-1CE6-4669-9F72-C291D9CC4245}.Release|x86.ActiveCfg = Release|Any CPU
		{F585F60B-1CE6-4669-9F72-C291D9CC4245}.Release|x86.Build.0 = Release|Any CPU
		{55CED56F-3A6B-45EE-BF58-5DD86DBB2E25}.Debug|Any CPU.ActiveCfg = Debug|Any CPU
		{55CED56F-3A6B-45EE-BF58-5DD86DBB2E25}.Debug|Any CPU.Build.0 = Debug|Any CPU
		{55CED56F-3A6B-45EE-BF58-5DD86DBB2E25}.Debug|x64.ActiveCfg = Debug|Any CPU
		{55CED56F-3A6B-45EE-BF58-5DD86DBB2E25}.Debug|x64.Build.0 = Debug|Any CPU
		{55CED56F-3A6B-45EE-BF58-5DD86DBB2E25}.Debug|x86.ActiveCfg = Debug|Any CPU
		{55CED56F-3A6B-45EE-BF58-5DD86DBB2E25}.Release|Any CPU.ActiveCfg = Release|Any CPU
		{55CED56F-3A6B-45EE-BF58-5DD86DBB2E25}.Release|Any CPU.Build.0 = Release|Any CPU
		{55CED56F-3A6B-45EE-BF58-5DD86DBB2E25}.Release|x64.ActiveCfg = Release|Any CPU
		{55CED56F-3A6B-45EE-BF58-5DD86DBB2E25}.Release|x64.Build.0 = Release|Any CPU
		{55CED56F-3A6B-45EE-BF58-5DD86DBB2E25}.Release|x86.ActiveCfg = Release|Any CPU
		{AFB85AB4-D40A-4C09-B3D7-A6587A102160}.Debug|Any CPU.ActiveCfg = Debug|Any CPU
		{AFB85AB4-D40A-4C09-B3D7-A6587A102160}.Debug|Any CPU.Build.0 = Debug|Any CPU
		{AFB85AB4-D40A-4C09-B3D7-A6587A102160}.Debug|x64.ActiveCfg = Debug|Any CPU
		{AFB85AB4-D40A-4C09-B3D7-A6587A102160}.Debug|x64.Build.0 = Debug|Any CPU
		{AFB85AB4-D40A-4C09-B3D7-A6587A102160}.Debug|x86.ActiveCfg = Debug|Any CPU
		{AFB85AB4-D40A-4C09-B3D7-A6587A102160}.Debug|x86.Build.0 = Debug|Any CPU
		{AFB85AB4-D40A-4C09-B3D7-A6587A102160}.Release|Any CPU.ActiveCfg = Release|Any CPU
		{AFB85AB4-D40A-4C09-B3D7-A6587A102160}.Release|Any CPU.Build.0 = Release|Any CPU
		{AFB85AB4-D40A-4C09-B3D7-A6587A102160}.Release|x64.ActiveCfg = Release|Any CPU
		{AFB85AB4-D40A-4C09-B3D7-A6587A102160}.Release|x64.Build.0 = Release|Any CPU
		{AFB85AB4-D40A-4C09-B3D7-A6587A102160}.Release|x86.ActiveCfg = Release|Any CPU
		{AFB85AB4-D40A-4C09-B3D7-A6587A102160}.Release|x86.Build.0 = Release|Any CPU
		{353C093D-9515-423A-9856-12514CACB8CF}.Debug|Any CPU.ActiveCfg = Debug|Any CPU
		{353C093D-9515-423A-9856-12514CACB8CF}.Debug|Any CPU.Build.0 = Debug|Any CPU
		{353C093D-9515-423A-9856-12514CACB8CF}.Debug|x64.ActiveCfg = Debug|Any CPU
		{353C093D-9515-423A-9856-12514CACB8CF}.Debug|x64.Build.0 = Debug|Any CPU
		{353C093D-9515-423A-9856-12514CACB8CF}.Debug|x86.ActiveCfg = Debug|Any CPU
		{353C093D-9515-423A-9856-12514CACB8CF}.Debug|x86.Build.0 = Debug|Any CPU
		{353C093D-9515-423A-9856-12514CACB8CF}.Release|Any CPU.ActiveCfg = Release|Any CPU
		{353C093D-9515-423A-9856-12514CACB8CF}.Release|Any CPU.Build.0 = Release|Any CPU
		{353C093D-9515-423A-9856-12514CACB8CF}.Release|x64.ActiveCfg = Release|Any CPU
		{353C093D-9515-423A-9856-12514CACB8CF}.Release|x64.Build.0 = Release|Any CPU
		{353C093D-9515-423A-9856-12514CACB8CF}.Release|x86.ActiveCfg = Release|Any CPU
		{353C093D-9515-423A-9856-12514CACB8CF}.Release|x86.Build.0 = Release|Any CPU
	EndGlobalSection
	GlobalSection(SolutionProperties) = preSolution
		HideSolutionNode = FALSE
	EndGlobalSection
	GlobalSection(ExtensibilityGlobals) = postSolution
		SolutionGuid = {23B660E1-7282-4BDC-AC96-F54636F93FB6}
	EndGlobalSection
EndGlobal
